
Microsoft Visual Studio Solution File, Format Version 12.00
# Visual Studio 15
VisualStudioVersion = 15.0.28307.645
MinimumVisualStudioVersion = 10.0.40219.1
Project("{FAE04EC0-301F-11D3-BF4B-00C04F79EFBC}") = "Mod3Lab1", "Mod3Lab1\Mod3Lab1.csproj", "{4E7B4474-0039-45BE-9DCB-B0A9F6DE42CD}"
EndProject
Project("{FAE04EC0-301F-11D3-BF4B-00C04F79EFBC}") = "Mod3Lab2", "..\Mod3Lab2\Mod3Lab2.csproj", "{54950812-330F-4F78-A21B-0082CCA3FD7A}"
EndProject
Project("{FAE04EC0-301F-11D3-BF4B-00C04F79EFBC}") = "Mod3Assessment", "..\Mod3Assessment\Mod3Assessment.csproj", "{5F779DCA-B461-4AF1-91A7-973A99618B61}"
EndProject
Global
	GlobalSection(SolutionConfigurationPlatforms) = preSolution
		Debug|Any CPU = Debug|Any CPU
		Release|Any CPU = Release|Any CPU
	EndGlobalSection
	GlobalSection(ProjectConfigurationPlatforms) = postSolution
		{4E7B4474-0039-45BE-9DCB-B0A9F6DE42CD}.Debug|Any CPU.ActiveCfg = Debug|Any CPU
		{4E7B4474-0039-45BE-9DCB-B0A9F6DE42CD}.Debug|Any CPU.Build.0 = Debug|Any CPU
		{4E7B4474-0039-45BE-9DCB-B0A9F6DE42CD}.Release|Any CPU.ActiveCfg = Release|Any CPU
		{4E7B4474-0039-45BE-9DCB-B0A9F6DE42CD}.Release|Any CPU.Build.0 = Release|Any CPU
		{54950812-330F-4F78-A21B-0082CCA3FD7A}.Debug|Any CPU.ActiveCfg = Debug|Any CPU
		{54950812-330F-4F78-A21B-0082CCA3FD7A}.Debug|Any CPU.Build.0 = Debug|Any CPU
		{54950812-330F-4F78-A21B-0082CCA3FD7A}.Release|Any CPU.ActiveCfg = Release|Any CPU
		{54950812-330F-4F78-A21B-0082CCA3FD7A}.Release|Any CPU.Build.0 = Release|Any CPU
		{5F779DCA-B461-4AF1-91A7-973A99618B61}.Debug|Any CPU.ActiveCfg = Debug|Any CPU
		{5F779DCA-B461-4AF1-91A7-973A99618B61}.Debug|Any CPU.Build.0 = Debug|Any CPU
		{5F779DCA-B461-4AF1-91A7-973A99618B61}.Release|Any CPU.ActiveCfg = Release|Any CPU
		{5F779DCA-B461-4AF1-91A7-973A99618B61}.Release|Any CPU.Build.0 = Release|Any CPU
	EndGlobalSection
	GlobalSection(SolutionProperties) = preSolution
		HideSolutionNode = FALSE
	EndGlobalSection
	GlobalSection(ExtensibilityGlobals) = postSolution
		SolutionGuid = {6F4FFC04-93AD-4DD5-B9DA-1392C195F932}
	EndGlobalSection
EndGlobal
